// !$*UTF8*$!
{
	archiveVersion = 1;
	classes = {
	};
	objectVersion = 46;
	objects = {

/* Begin PBXBuildFile section */
		A101B0121E35FFF500C432C6 /* DragDestinationView.swift in Sources */ = {isa = PBXBuildFile; fileRef = A101B0111E35FFF500C432C6 /* DragDestinationView.swift */; };
		FB8A8B0D1E336D0800908B25 /* Assets.xcassets in Resources */ = {isa = PBXBuildFile; fileRef = FB8A8B0C1E336D0800908B25 /* Assets.xcassets */; };
		FB8A8B101E336D0800908B25 /* MainMenu.xib in Resources */ = {isa = PBXBuildFile; fileRef = FB8A8B0E1E336D0800908B25 /* MainMenu.xib */; };
		FBC0D2CB1E34BA6100A3E79B /* AppDelegate.swift in Sources */ = {isa = PBXBuildFile; fileRef = FBC0D2C11E34BA6100A3E79B /* AppDelegate.swift */; };
		FBC0D2CC1E34BA6100A3E79B /* URL+XAttr.swift in Sources */ = {isa = PBXBuildFile; fileRef = FBC0D2C31E34BA6100A3E79B /* URL+XAttr.swift */; };
		FBC0D2CD1E34BA6100A3E79B /* Attribute.swift in Sources */ = {isa = PBXBuildFile; fileRef = FBC0D2C51E34BA6100A3E79B /* Attribute.swift */; };
		FBC0D2CE1E34BA6100A3E79B /* AttributeInspectorWindow.xib in Resources */ = {isa = PBXBuildFile; fileRef = FBC0D2C71E34BA6100A3E79B /* AttributeInspectorWindow.xib */; };
		FBC0D2CF1E34BA6100A3E79B /* AttributeInspectorWindowController.swift in Sources */ = {isa = PBXBuildFile; fileRef = FBC0D2C81E34BA6100A3E79B /* AttributeInspectorWindowController.swift */; };
		FBC0D2D01E34BA6100A3E79B /* OpenFileWindow.xib in Resources */ = {isa = PBXBuildFile; fileRef = FBC0D2C91E34BA6100A3E79B /* OpenFileWindow.xib */; };
		FBC0D2D11E34BA6100A3E79B /* OpenFileWindowController.swift in Sources */ = {isa = PBXBuildFile; fileRef = FBC0D2CA1E34BA6100A3E79B /* OpenFileWindowController.swift */; };
		FBC0D2D41E34BDD200A3E79B /* AttributeCellView.swift in Sources */ = {isa = PBXBuildFile; fileRef = FBC0D2D31E34BDD200A3E79B /* AttributeCellView.swift */; };
/* End PBXBuildFile section */

/* Begin PBXFileReference section */
		A101B0111E35FFF500C432C6 /* DragDestinationView.swift */ = {isa = PBXFileReference; fileEncoding = 4; lastKnownFileType = sourcecode.swift; path = DragDestinationView.swift; sourceTree = "<group>"; };
		FB8A8B071E336D0800908B25 /* Xattr Editor.app */ = {isa = PBXFileReference; explicitFileType = wrapper.application; includeInIndex = 0; path = "Xattr Editor.app"; sourceTree = BUILT_PRODUCTS_DIR; };
		FB8A8B0C1E336D0800908B25 /* Assets.xcassets */ = {isa = PBXFileReference; lastKnownFileType = folder.assetcatalog; path = Assets.xcassets; sourceTree = "<group>"; };
		FB8A8B0F1E336D0800908B25 /* Base */ = {isa = PBXFileReference; lastKnownFileType = file.xib; name = Base; path = Base.lproj/MainMenu.xib; sourceTree = "<group>"; };
		FB8A8B111E336D0800908B25 /* Info.plist */ = {isa = PBXFileReference; lastKnownFileType = text.plist.xml; path = Info.plist; sourceTree = "<group>"; };
		FBC0D2C11E34BA6100A3E79B /* AppDelegate.swift */ = {isa = PBXFileReference; fileEncoding = 4; lastKnownFileType = sourcecode.swift; path = AppDelegate.swift; sourceTree = "<group>"; };
		FBC0D2C31E34BA6100A3E79B /* URL+XAttr.swift */ = {isa = PBXFileReference; fileEncoding = 4; lastKnownFileType = sourcecode.swift; path = "URL+XAttr.swift"; sourceTree = "<group>"; };
		FBC0D2C51E34BA6100A3E79B /* Attribute.swift */ = {isa = PBXFileReference; fileEncoding = 4; lastKnownFileType = sourcecode.swift; path = Attribute.swift; sourceTree = "<group>"; };
		FBC0D2C71E34BA6100A3E79B /* AttributeInspectorWindow.xib */ = {isa = PBXFileReference; fileEncoding = 4; lastKnownFileType = file.xib; path = AttributeInspectorWindow.xib; sourceTree = "<group>"; };
		FBC0D2C81E34BA6100A3E79B /* AttributeInspectorWindowController.swift */ = {isa = PBXFileReference; fileEncoding = 4; lastKnownFileType = sourcecode.swift; path = AttributeInspectorWindowController.swift; sourceTree = "<group>"; };
		FBC0D2C91E34BA6100A3E79B /* OpenFileWindow.xib */ = {isa = PBXFileReference; fileEncoding = 4; lastKnownFileType = file.xib; path = OpenFileWindow.xib; sourceTree = "<group>"; };
		FBC0D2CA1E34BA6100A3E79B /* OpenFileWindowController.swift */ = {isa = PBXFileReference; fileEncoding = 4; lastKnownFileType = sourcecode.swift; path = OpenFileWindowController.swift; sourceTree = "<group>"; };
		FBC0D2D31E34BDD200A3E79B /* AttributeCellView.swift */ = {isa = PBXFileReference; fileEncoding = 4; lastKnownFileType = sourcecode.swift; path = AttributeCellView.swift; sourceTree = "<group>"; };
/* End PBXFileReference section */

/* Begin PBXFrameworksBuildPhase section */
		FB8A8B041E336D0800908B25 /* Frameworks */ = {
			isa = PBXFrameworksBuildPhase;
			buildActionMask = 2147483647;
			files = (
			);
			runOnlyForDeploymentPostprocessing = 0;
		};
/* End PBXFrameworksBuildPhase section */

/* Begin PBXGroup section */
		FB8A8AFE1E336D0800908B25 = {
			isa = PBXGroup;
			children = (
				FB8A8B091E336D0800908B25 /* Xattr Editor */,
				FB8A8B081E336D0800908B25 /* Products */,
			);
			sourceTree = "<group>";
		};
		FB8A8B081E336D0800908B25 /* Products */ = {
			isa = PBXGroup;
			children = (
				FB8A8B071E336D0800908B25 /* Xattr Editor.app */,
			);
			name = Products;
			sourceTree = "<group>";
		};
		FB8A8B091E336D0800908B25 /* Xattr Editor */ = {
			isa = PBXGroup;
			children = (
				FBC0D2BF1E34BA6100A3E79B /* Classes */,
				FB8A8B0C1E336D0800908B25 /* Assets.xcassets */,
				FB8A8B0E1E336D0800908B25 /* MainMenu.xib */,
				FB8A8B111E336D0800908B25 /* Info.plist */,
			);
			path = "Xattr Editor";
			sourceTree = "<group>";
		};
		FBC0D2BF1E34BA6100A3E79B /* Classes */ = {
			isa = PBXGroup;
			children = (
				FBC0D2D21E34BDB700A3E79B /* Views */,
				FBC0D2C01E34BA6100A3E79B /* Appdelegate */,
				FBC0D2C21E34BA6100A3E79B /* Extensions */,
				FBC0D2C41E34BA6100A3E79B /* Models */,
				FBC0D2C61E34BA6100A3E79B /* WindowControllers */,
			);
			path = Classes;
			sourceTree = "<group>";
		};
		FBC0D2C01E34BA6100A3E79B /* Appdelegate */ = {
			isa = PBXGroup;
			children = (
				FBC0D2C11E34BA6100A3E79B /* AppDelegate.swift */,
			);
			path = Appdelegate;
			sourceTree = "<group>";
		};
		FBC0D2C21E34BA6100A3E79B /* Extensions */ = {
			isa = PBXGroup;
			children = (
				FBC0D2C31E34BA6100A3E79B /* URL+XAttr.swift */,
			);
			path = Extensions;
			sourceTree = "<group>";
		};
		FBC0D2C41E34BA6100A3E79B /* Models */ = {
			isa = PBXGroup;
			children = (
				FBC0D2C51E34BA6100A3E79B /* Attribute.swift */,
			);
			path = Models;
			sourceTree = "<group>";
		};
		FBC0D2C61E34BA6100A3E79B /* WindowControllers */ = {
			isa = PBXGroup;
			children = (
				FBC0D2C81E34BA6100A3E79B /* AttributeInspectorWindowController.swift */,
				FBC0D2C71E34BA6100A3E79B /* AttributeInspectorWindow.xib */,
				FBC0D2CA1E34BA6100A3E79B /* OpenFileWindowController.swift */,
				FBC0D2C91E34BA6100A3E79B /* OpenFileWindow.xib */,
			);
			path = WindowControllers;
			sourceTree = "<group>";
		};
		FBC0D2D21E34BDB700A3E79B /* Views */ = {
			isa = PBXGroup;
			children = (
				FBC0D2D31E34BDD200A3E79B /* AttributeCellView.swift */,
				A101B0111E35FFF500C432C6 /* DragDestinationView.swift */,
			);
			path = Views;
			sourceTree = "<group>";
		};
/* End PBXGroup section */

/* Begin PBXNativeTarget section */
		FB8A8B061E336D0800908B25 /* Xattr Editor */ = {
			isa = PBXNativeTarget;
			buildConfigurationList = FB8A8B141E336D0800908B25 /* Build configuration list for PBXNativeTarget "Xattr Editor" */;
			buildPhases = (
				FB8A8B031E336D0800908B25 /* Sources */,
				FB8A8B041E336D0800908B25 /* Frameworks */,
				FB8A8B051E336D0800908B25 /* Resources */,
			);
			buildRules = (
			);
			dependencies = (
			);
			name = "Xattr Editor";
			productName = "Xattr Editor";
			productReference = FB8A8B071E336D0800908B25 /* Xattr Editor.app */;
			productType = "com.apple.product-type.application";
		};
/* End PBXNativeTarget section */

/* Begin PBXProject section */
		FB8A8AFF1E336D0800908B25 /* Project object */ = {
			isa = PBXProject;
			attributes = {
				LastSwiftUpdateCheck = 0810;
				LastUpgradeCheck = 0820;
				ORGANIZATIONNAME = yourcompany;
				TargetAttributes = {
					FB8A8B061E336D0800908B25 = {
						CreatedOnToolsVersion = 8.1;
						ProvisioningStyle = Automatic;
					};
				};
			};
			buildConfigurationList = FB8A8B021E336D0800908B25 /* Build configuration list for PBXProject "Xattr Editor" */;
			compatibilityVersion = "Xcode 3.2";
			developmentRegion = English;
			hasScannedForEncodings = 0;
			knownRegions = (
				en,
				Base,
			);
			mainGroup = FB8A8AFE1E336D0800908B25;
			productRefGroup = FB8A8B081E336D0800908B25 /* Products */;
			projectDirPath = "";
			projectRoot = "";
			targets = (
				FB8A8B061E336D0800908B25 /* Xattr Editor */,
			);
		};
/* End PBXProject section */

/* Begin PBXResourcesBuildPhase section */
		FB8A8B051E336D0800908B25 /* Resources */ = {
			isa = PBXResourcesBuildPhase;
			buildActionMask = 2147483647;
			files = (
				FBC0D2CE1E34BA6100A3E79B /* AttributeInspectorWindow.xib in Resources */,
				FBC0D2D01E34BA6100A3E79B /* OpenFileWindow.xib in Resources */,
				FB8A8B0D1E336D0800908B25 /* Assets.xcassets in Resources */,
				FB8A8B101E336D0800908B25 /* MainMenu.xib in Resources */,
			);
			runOnlyForDeploymentPostprocessing = 0;
		};
/* End PBXResourcesBuildPhase section */

/* Begin PBXSourcesBuildPhase section */
		FB8A8B031E336D0800908B25 /* Sources */ = {
			isa = PBXSourcesBuildPhase;
			buildActionMask = 2147483647;
			files = (
				FBC0D2D11E34BA6100A3E79B /* OpenFileWindowController.swift in Sources */,
				FBC0D2CD1E34BA6100A3E79B /* Attribute.swift in Sources */,
				FBC0D2CB1E34BA6100A3E79B /* AppDelegate.swift in Sources */,
				A101B0121E35FFF500C432C6 /* DragDestinationView.swift in Sources */,
				FBC0D2D41E34BDD200A3E79B /* AttributeCellView.swift in Sources */,
				FBC0D2CF1E34BA6100A3E79B /* AttributeInspectorWindowController.swift in Sources */,
				FBC0D2CC1E34BA6100A3E79B /* URL+XAttr.swift in Sources */,
			);
			runOnlyForDeploymentPostprocessing = 0;
		};
/* End PBXSourcesBuildPhase section */

/* Begin PBXVariantGroup section */
		FB8A8B0E1E336D0800908B25 /* MainMenu.xib */ = {
			isa = PBXVariantGroup;
			children = (
				FB8A8B0F1E336D0800908B25 /* Base */,
			);
			name = MainMenu.xib;
			sourceTree = "<group>";
		};
/* End PBXVariantGroup section */

/* Begin XCBuildConfiguration section */
		FB8A8B121E336D0800908B25 /* Debug */ = {
			isa = XCBuildConfiguration;
			buildSettings = {
				ALWAYS_SEARCH_USER_PATHS = NO;
				CLANG_ANALYZER_NONNULL = YES;
				CLANG_CXX_LANGUAGE_STANDARD = "gnu++0x";
				CLANG_CXX_LIBRARY = "libc++";
				CLANG_ENABLE_MODULES = YES;
				CLANG_ENABLE_OBJC_ARC = YES;
				CLANG_WARN_BOOL_CONVERSION = YES;
				CLANG_WARN_CONSTANT_CONVERSION = YES;
				CLANG_WARN_DIRECT_OBJC_ISA_USAGE = YES_ERROR;
				CLANG_WARN_DOCUMENTATION_COMMENTS = YES;
				CLANG_WARN_EMPTY_BODY = YES;
				CLANG_WARN_ENUM_CONVERSION = YES;
				CLANG_WARN_INFINITE_RECURSION = YES;
				CLANG_WARN_INT_CONVERSION = YES;
				CLANG_WARN_OBJC_ROOT_CLASS = YES_ERROR;
				CLANG_WARN_SUSPICIOUS_MOVE = YES;
				CLANG_WARN_SUSPICIOUS_MOVES = YES;
				CLANG_WARN_UNREACHABLE_CODE = YES;
				CLANG_WARN__DUPLICATE_METHOD_MATCH = YES;
				CODE_SIGN_IDENTITY = "-";
				COPY_PHASE_STRIP = NO;
				DEBUG_INFORMATION_FORMAT = dwarf;
				ENABLE_STRICT_OBJC_MSGSEND = YES;
				ENABLE_TESTABILITY = YES;
				GCC_C_LANGUAGE_STANDARD = gnu99;
				GCC_DYNAMIC_NO_PIC = NO;
				GCC_NO_COMMON_BLOCKS = YES;
				GCC_OPTIMIZATION_LEVEL = 0;
				GCC_PREPROCESSOR_DEFINITIONS = (
					"DEBUG=1",
					"$(inherited)",
				);
				GCC_WARN_64_TO_32_BIT_CONVERSION = YES;
				GCC_WARN_ABOUT_RETURN_TYPE = YES_ERROR;
				GCC_WARN_UNDECLARED_SELECTOR = YES;
				GCC_WARN_UNINITIALIZED_AUTOS = YES_AGGRESSIVE;
				GCC_WARN_UNUSED_FUNCTION = YES;
				GCC_WARN_UNUSED_VARIABLE = YES;
				MACOSX_DEPLOYMENT_TARGET = 10.12;
				MTL_ENABLE_DEBUG_INFO = YES;
				ONLY_ACTIVE_ARCH = YES;
				SDKROOT = macosx;
				SWIFT_ACTIVE_COMPILATION_CONDITIONS = DEBUG;
				SWIFT_OPTIMIZATION_LEVEL = "-Onone";
			};
			name = Debug;
		};
		FB8A8B131E336D0800908B25 /* Release */ = {
			isa = XCBuildConfiguration;
			buildSettings = {
				ALWAYS_SEARCH_USER_PATHS = NO;
				CLANG_ANALYZER_NONNULL = YES;
				CLANG_CXX_LANGUAGE_STANDARD = "gnu++0x";
				CLANG_CXX_LIBRARY = "libc++";
				CLANG_ENABLE_MODULES = YES;
				CLANG_ENABLE_OBJC_ARC = YES;
				CLANG_WARN_BOOL_CONVERSION = YES;
				CLANG_WARN_CONSTANT_CONVERSION = YES;
				CLANG_WARN_DIRECT_OBJC_ISA_USAGE = YES_ERROR;
				CLANG_WARN_DOCUMENTATION_COMMENTS = YES;
				CLANG_WARN_EMPTY_BODY = YES;
				CLANG_WARN_ENUM_CONVERSION = YES;
				CLANG_WARN_INFINITE_RECURSION = YES;
				CLANG_WARN_INT_CONVERSION = YES;
				CLANG_WARN_OBJC_ROOT_CLASS = YES_ERROR;
				CLANG_WARN_SUSPICIOUS_MOVE = YES;
				CLANG_WARN_SUSPICIOUS_MOVES = YES;
				CLANG_WARN_UNREACHABLE_CODE = YES;
				CLANG_WARN__DUPLICATE_METHOD_MATCH = YES;
				CODE_SIGN_IDENTITY = "-";
				COPY_PHASE_STRIP = NO;
				DEBUG_INFORMATION_FORMAT = "dwarf-with-dsym";
				ENABLE_NS_ASSERTIONS = NO;
				ENABLE_STRICT_OBJC_MSGSEND = YES;
				GCC_C_LANGUAGE_STANDARD = gnu99;
				GCC_NO_COMMON_BLOCKS = YES;
				GCC_WARN_64_TO_32_BIT_CONVERSION = YES;
				GCC_WARN_ABOUT_RETURN_TYPE = YES_ERROR;
				GCC_WARN_UNDECLARED_SELECTOR = YES;
				GCC_WARN_UNINITIALIZED_AUTOS = YES_AGGRESSIVE;
				GCC_WARN_UNUSED_FUNCTION = YES;
				GCC_WARN_UNUSED_VARIABLE = YES;
				MACOSX_DEPLOYMENT_TARGET = 10.12;
				MTL_ENABLE_DEBUG_INFO = NO;
				SDKROOT = macosx;
				SWIFT_OPTIMIZATION_LEVEL = "-Owholemodule";
			};
			name = Release;
		};
		FB8A8B151E336D0800908B25 /* Debug */ = {
			isa = XCBuildConfiguration;
			buildSettings = {
				ASSETCATALOG_COMPILER_APPICON_NAME = AppIcon;
				COMBINE_HIDPI_IMAGES = YES;
				INFOPLIST_FILE = "Xattr Editor/Info.plist";
				LD_RUNPATH_SEARCH_PATHS = "$(inherited) @executable_path/../Frameworks";
				MACOSX_DEPLOYMENT_TARGET = 10.10;
				PRODUCT_BUNDLE_IDENTIFIER = "com.yourcompany.Xattr-Editor";
				PRODUCT_NAME = "$(TARGET_NAME)";
				SWIFT_VERSION = 3.0;
			};
			name = Debug;
		};
		FB8A8B161E336D0800908B25 /* Release */ = {
			isa = XCBuildConfiguration;
			buildSettings = {
				ASSETCATALOG_COMPILER_APPICON_NAME = AppIcon;
				COMBINE_HIDPI_IMAGES = YES;
				INFOPLIST_FILE = "Xattr Editor/Info.plist";
				LD_RUNPATH_SEARCH_PATHS = "$(inherited) @executable_path/../Frameworks";
				MACOSX_DEPLOYMENT_TARGET = 10.10;
				PRODUCT_BUNDLE_IDENTIFIER = "com.yourcompany.Xattr-Editor";
				PRODUCT_NAME = "$(TARGET_NAME)";
				SWIFT_VERSION = 3.0;
			};
			name = Release;
		};
/* End XCBuildConfiguration section */

/* Begin XCConfigurationList section */
		FB8A8B021E336D0800908B25 /* Build configuration list for PBXProject "Xattr Editor" */ = {
			isa = XCConfigurationList;
			buildConfigurations = (
				FB8A8B121E336D0800908B25 /* Debug */,
				FB8A8B131E336D0800908B25 /* Release */,
			);
			defaultConfigurationIsVisible = 0;
			defaultConfigurationName = Release;
		};
		FB8A8B141E336D0800908B25 /* Build configuration list for PBXNativeTarget "Xattr Editor" */ = {
			isa = XCConfigurationList;
			buildConfigurations = (
				FB8A8B151E336D0800908B25 /* Debug */,
				FB8A8B161E336D0800908B25 /* Release */,
			);
			defaultConfigurationIsVisible = 0;
			defaultConfigurationName = Release;
		};
/* End XCConfigurationList section */
	};
	rootObject = FB8A8AFF1E336D0800908B25 /* Project object */;
}
